{
    "_readme": [
        "This file locks the dependencies of your project to a known state",
        "Read more about it at https://getcomposer.org/doc/01-basic-usage.md#composer-lock-the-lock-file",
        "This file is @generated automatically"
    ],
    "hash": "6674c6fe4082cedb4c3951bfbfaaca03",
    "packages": [
        {
            "name": "druid628/et-wsse",
            "version": "v1.0.0",
            "source": {
                "type": "git",
                "url": "https://github.com/druid628/et-wsse-php.git",
                "reference": "8ca38432e6732d9a01fb2f0fca35b73ca41219ee"
            },
            "dist": {
                "type": "zip",
                "url": "https://api.github.com/repos/druid628/et-wsse-php/zipball/8ca38432e6732d9a01fb2f0fca35b73ca41219ee",
                "reference": "8ca38432e6732d9a01fb2f0fca35b73ca41219ee",
                "shasum": ""
            },
            "require": {
                "ext-mcrypt": "*",
                "ext-soap": "*",
                "lib-openssl": "*",
                "php": ">=5.3.5"
            },
            "type": "library",
            "extra": {
                "branch-alias": {
                    "dev-master": "1.0.x-dev"
                }
            },
            "autoload": {
                "psr-4": {
                    "druid628\\exactTarget\\WSSE\\": "src/"
                }
            },
            "notification-url": "https://packagist.org/downloads/",
            "license": [
                "MIT"
            ],
            "authors": [
                {
                    "name": "Micah Breedlove",
                    "email": "druid628@gmail.com",
                    "homepage": "http://micah.breedlove.in/"
                }
            ],
            "description": "WSSE library for use ExactTarget API",
            "homepage": "https://github.com/druid628/et-wsse-php",
            "keywords": [
                "api",
                "email",
                "exact target",
                "exacttarget"
            ],
            "time": "2015-06-25 15:07:05"
        }
    ],
    "packages-dev": null,
    "aliases": [],
    "minimum-stability": "stable",
    "stability-flags": {
        "satooshi/php-coveralls": 20
    },
    "prefer-stable": false,
    "prefer-lowest": false,
    "platform": {
        "php": ">=5.3.5"
    },
    "platform-dev": []
}
